# This file is autogenerated, do not edit; changes may be undone by the next 'dep ensure'.


[[projects]]
  digest = "1:e4b30804a381d7603b8a344009987c1ba351c26043501b23b8c7ce21f0b67474"
  name = "github.com/BurntSushi/toml"
  packages = ["."]
  pruneopts = ""
  revision = "3012a1dbe2e4bd1391d42b32f0577cb7bbc7f005"
  version = "v0.3.1"

[[projects]]
  digest = "1:04dbdc55ac416862ea05d3a326a01848a545ee93e4de56f8583d7c002313bf3d"
  name = "github.com/Scalingo/go-etcd-cron"
  packages = ["."]
  pruneopts = ""
  revision = "1545ac576e75545085d9fc42033bf247bd7b1f1d"
  version = "v1.1.0"

[[projects]]
  digest = "1:a1613b7d93254c887ab09d00829872bf3abb62702af7b47a82c7a3079e299280"
  name = "github.com/Scalingo/logrus-rollbar"
  packages = ["."]
  pruneopts = ""
  revision = "20275d9189973abaddb7ff363f529e6a38211bad"
  version = "v1.3.2"

[[projects]]
  digest = "1:e0fb37700d34749c934490b103dd78078bae02b45bb77b0a63ae39201ae9280b"
  name = "github.com/Soulou/errgo-rollbar"
  packages = ["."]
  pruneopts = ""
  revision = "7065a8e87265f4d66815a0e44527027721266ef1"
  version = "v0.1.1"

[[projects]]
  digest = "1:3f72590f47228b9bbad42ebfca58f61b4920d73b42a0280560645fffa3a454ec"
  name = "github.com/aws/aws-sdk-go-v2"
  packages = [
    "aws",
    "aws/awserr",
    "aws/defaults",
    "aws/endpoints",
    "aws/signer/v4",
    "internal/awsutil",
    "internal/sdk",
    "private/protocol",
    "private/protocol/query",
    "private/protocol/query/queryutil",
    "private/protocol/rest",
    "private/protocol/restxml",
    "private/protocol/xml",
    "private/protocol/xml/xmlutil",
    "service/s3",
    "service/s3/s3iface",
    "service/s3/s3manager",
  ]
  pruneopts = ""
  revision = "098e15df3044cf1b04a222c1c33c3e6135ac89f3"
  version = "v0.9.0"

[[projects]]
  digest = "1:e2d8cad4cf0c1b724c97f4cb1f01cbb9531bcc07b73c5ff3fe575cf6f8a2f75f"
  name = "github.com/coreos/etcd"
  packages = [
    "pkg/tlsutil",
    "pkg/transport",
  ]
  pruneopts = ""
  revision = "28f3f26c0e303392556035b694f75768d449d33d"
  version = "v3.3.1"

[[projects]]
  digest = "1:4a178cc984da91772ff98dd078699e7707a221986bf8342379567148e1e6d1b6"
  name = "github.com/coreos/go-systemd"
  packages = ["journal"]
  pruneopts = ""
  revision = "2d78030078ef61b3cae27f42ad6d0e46db51b339"
  version = "v22.0.0"

[[projects]]
  digest = "1:b168b5f54103bbb328987b268867f656c4536b70f7b6fec4726a4619b0ebb5f0"
  name = "github.com/coreos/pkg"
  packages = ["capnslog"]
  pruneopts = ""
  revision = "97fdf19511ea361ae1c100dd393cc47f8dcfa1e1"
  version = "v4"

[[projects]]
  digest = "1:56c130d885a4aacae1dd9c7b71cfe39912c7ebc1ff7d2b46083c8812996dc43b"
  name = "github.com/davecgh/go-spew"
  packages = ["spew"]
  pruneopts = ""
  revision = "346938d642f2ec3594ed81d874461961cd0faa76"
  version = "v1.1.0"

[[projects]]
  branch = "master"
  digest = "1:ae162f9b5c46f6d5ff4bd53a3d78f72e2eb6676c11c5d33b8b106c36f87ddb31"
  name = "github.com/dustin/go-humanize"
  packages = ["."]
  pruneopts = ""
  revision = "bb3d318650d48840a39aa21a027c6630e198e626"

[[projects]]
  branch = "master"
  digest = "1:17a1bc0fc5f7dc4e40168cee019a9ce7aea9253c437f3297448c0463ca7f45be"
  name = "github.com/facebookgo/grace"
  packages = ["gracenet"]
  pruneopts = ""
  revision = "75cf19382434e82df4dd84953f566b8ad23d6e9e"

[[projects]]
  digest = "1:141cc9fc6279592458b304038bd16a05ef477d125c6dad281216345a11746fd7"
  name = "github.com/gofrs/uuid"
  packages = ["."]
  pruneopts = ""
  revision = "6b08a5c5172ba18946672b49749cde22873dd7c2"
  version = "v3.2.0"

[[projects]]
  digest = "1:0a3f6a0c68ab8f3d455f8892295503b179e571b7fefe47cc6c556405d1f83411"
  name = "github.com/gogo/protobuf"
  packages = [
    "gogoproto",
    "proto",
    "protoc-gen-gogo/descriptor",
  ]
  pruneopts = ""
  revision = "1adfc126b41513cc696b209667c8656ea7aac67c"
  version = "v1.0.0"

[[projects]]
  digest = "1:39fdd6511957f266c31db7175992291fab1106aed37274a3643e22b60b3a02c1"
  name = "github.com/golang/mock"
  packages = ["gomock"]
  pruneopts = ""
  revision = "3dcdcb6994c4de42a73bd2e4790178be3ed4554b"
  version = "v1.4.0"

[[projects]]
  digest = "1:b852d2b62be24e445fcdbad9ce3015b44c207815d631230dfce3f14e7803f5bf"
  name = "github.com/golang/protobuf"
  packages = [
    "proto",
    "ptypes",
    "ptypes/any",
    "ptypes/duration",
    "ptypes/timestamp",
  ]
  pruneopts = ""
  revision = "6c65a5562fc06764971b7c5d05c76c75e84bdbf7"
  version = "v1.3.2"

[[projects]]
  branch = "master"
  digest = "1:09307dfb1aa3f49a2bf869dcfa4c6c06ecd3c207221bd1c1a1141f0e51f209eb"
  name = "github.com/golang/snappy"
  packages = ["."]
  pruneopts = ""
  revision = "553a641470496b2327abcac10b36396bd98e45c9"

[[projects]]
  digest = "1:ad92aa49f34cbc3546063c7eb2cabb55ee2278b72842eda80e2a20a8a06a8d73"
  name = "github.com/google/uuid"
  packages = ["."]
  pruneopts = ""
  revision = "0cd6bf5da1e1c83f8b45653022c74f71af0538a4"
  version = "v1.1.1"

[[projects]]
  branch = "master"
  digest = "1:99203b48b0117e9531518f4b99fda6b83941e728aa08d9b2f7947546958d2c13"
  name = "github.com/guillermo/go.procmeminfo"
  packages = ["."]
  pruneopts = ""
  revision = "be4355a9fb0e5340ebee5b05aafe85948eaccd1b"

[[projects]]
  branch = "master"
  digest = "1:931319bf81b495c90041425adc169ba39f1cc4c43e59ee69678092aca2fa43b9"
  name = "github.com/iancoleman/strcase"
  packages = ["."]
  pruneopts = ""
  revision = "3de563c3dc08a7504131e9d63f678b7d1c3e85d7"

[[projects]]
  digest = "1:657a3a9c65f60640dd74e01900a3f1854efa130404e0c150aaffe37b9f0ae60e"
  name = "github.com/influxdata/influxdb"
  packages = [
    "client/v2",
    "models",
    "pkg/escape",
  ]
  pruneopts = ""
  revision = "89e084a80fb1e0bf5e7d38038e3367f821fdf3d7"
  version = "v1.5.3"

[[projects]]
  digest = "1:13fe471d0ed891e8544eddfeeb0471fd3c9f2015609a1c000aefdedf52a19d40"
  name = "github.com/jmespath/go-jmespath"
  packages = ["."]
  pruneopts = ""
  revision = "c2b33e84"

[[projects]]
  branch = "master"
  digest = "1:448b4a6e39e46d8740b00dc871f26d58dc39341b160e01267b7917132831a136"
  name = "github.com/konsorten/go-windows-terminal-sequences"
  packages = ["."]
  pruneopts = ""
  revision = "b729f2633dfe35f4d1d8a32385f6685610ce1cb5"

[[projects]]
  digest = "1:88312df566687ed74d1977688f3cdba2ee754d633bc0340f39582360f39d2658"
  name = "github.com/ncw/swift"
  packages = ["."]
  pruneopts = ""
  revision = "e4d0540ae5ee8c698a2c2c4eaf0f96adb6190a5b"
  version = "v1.0.52"

[[projects]]
  digest = "1:7a69f6a3a33929f8b66aa39c93868ad1698f06417fe627ae067559beb94504bd"
  name = "github.com/nsqio/go-nsq"
  packages = ["."]
  pruneopts = ""
  revision = "eee57a3ac4174c55924125bb15eeeda8cffb6e6f"
  version = "v1.0.7"

[[projects]]
  digest = "1:1d7e1867c49a6dd9856598ef7c3123604ea3daabf5b83f303ff457bcbc410b1d"
  name = "github.com/pkg/errors"
  packages = ["."]
  pruneopts = ""
  revision = "ba968bfe8b2f7e042a574c888954fccecfa385b4"
  version = "v0.8.1"

[[projects]]
  digest = "1:256484dbbcd271f9ecebc6795b2df8cad4c458dd0f5fd82a8c2fa0c29f233411"
  name = "github.com/pmezard/go-difflib"
  packages = ["difflib"]
  pruneopts = ""
  revision = "792786c7400a136282c1664665ae0a8db921c6c2"
  version = "v1.0.0"

[[projects]]
  digest = "1:5b9b85c5e28d22916a6f28ef5c66d9b35c1de1056248cf72ccf4e710a0d1e555"
  name = "github.com/rollbar/rollbar-go"
  packages = ["."]
  pruneopts = ""
  revision = "09607ac17f660e27a1e3d38b6e1ec728cefa1f72"
  version = "v1.2.0"

[[projects]]
  digest = "1:01d968ff6535945510c944983eee024e81f1c949043e9bbfe5ab206ebc3588a4"
  name = "github.com/sirupsen/logrus"
  packages = ["."]
  pruneopts = ""
  revision = "a67f783a3814b8729bd2dac5780b5f78f8dbd64d"
  version = "v1.1.0"

[[projects]]
  digest = "1:956f655c87b7255c6b1ae6c203ebb0af98cf2a13ef2507e34c9bf1c0332ac0f5"
  name = "github.com/spf13/afero"
  packages = [
    ".",
    "mem",
  ]
  pruneopts = ""
  revision = "588a75ec4f32903aa5e39a2619ba6a4631e28424"
  version = "v1.2.2"

[[projects]]
  digest = "1:f7b541897bcde05a04a044c342ddc7425aab7e331f37b47fbb486cd16324b48e"
  name = "github.com/stretchr/testify"
  packages = [
    "assert",
    "require",
  ]
  pruneopts = ""
  revision = "221dbe5ed46703ee255b1da0dec05086f5035f62"
  version = "v1.4.0"

[[projects]]
  digest = "1:e8b9785327cd3103084ad3a0d7184e028f5ede42a6bdce1afd64dfa192ae3267"
  name = "github.com/stvp/rollbar"
  packages = ["."]
  pruneopts = ""
  revision = "b20261800d8cda3be14dcef0d1a8320779bba61a"
  version = "v0.5.1"

[[projects]]
  digest = "1:e85837cb04b78f61688c6eba93ea9d14f60d611e2aaf8319999b1a60d2dafbfa"
  name = "github.com/urfave/cli"
  packages = ["."]
  pruneopts = ""
  revision = "cfb38830724cc34fedffe9a2a29fb54fa9169cd1"
  version = "v1.20.0"

[[projects]]
  digest = "1:7f63ba4a896e7e4127eaa4a85b97cf7b56a0ce597dec841e7df4e4e6523a9c1e"
  name = "go.etcd.io/etcd"
  packages = [
    "auth/authpb",
    "clientv3",
    "clientv3/balancer",
    "clientv3/balancer/connectivity",
    "clientv3/balancer/picker",
    "clientv3/balancer/resolver/endpoint",
    "clientv3/concurrency",
    "clientv3/credentials",
    "etcdserver/api/v3rpc/rpctypes",
    "etcdserver/etcdserverpb",
    "mvcc/mvccpb",
    "pkg/logutil",
    "pkg/systemd",
    "pkg/types",
    "raft",
    "raft/confchange",
    "raft/quorum",
    "raft/raftpb",
    "raft/tracker",
  ]
  pruneopts = ""
  revision = "3cf2f69b5738fb702ba1a935590f36b52b18979b"
  version = "v3.4.3"

[[projects]]
  digest = "1:31e329f8b429379a071a0ece44d10508e5ab3628857528681a5d493ce4d334bd"
  name = "go.uber.org/atomic"
  packages = ["."]
  pruneopts = ""
  revision = "9dc4df04d0d1c39369750a9f6c32c39560672089"
  version = "v1.5.0"

[[projects]]
  digest = "1:dfa0ac0e9eaefded9479bba35e8c274cbbe688894c583e28ad66c0a95d2eeb45"
  name = "go.uber.org/multierr"
  packages = ["."]
  pruneopts = ""
  revision = "824d08f79702fe5f54aca8400aa0d754318786e7"
  version = "v1.4.0"

[[projects]]
  branch = "master"
  digest = "1:4f9d5475f0ab52f0dc28c6bfd2cfeebb0a5f823e8ae4cc8bc53ae112762d275c"
  name = "go.uber.org/tools"
  packages = ["update-license"]
  pruneopts = ""
  revision = "2cfd321de3ee5d5f8a5fda2521d1703478334d98"

[[projects]]
  digest = "1:6be51df3fe75b1c0ff227aaa618f85e852a87bdf35354352856859b605217afe"
  name = "go.uber.org/zap"
  packages = [
    ".",
    "buffer",
    "internal/bufferpool",
    "internal/color",
    "internal/exit",
    "zapcore",
  ]
  pruneopts = ""
  revision = "a6015e13fab9b744d96085308ce4e8f11bad1996"
  version = "v1.12.0"

[[projects]]
  branch = "master"
  digest = "1:79b763a59bc081a752605854f75ac04d4b8fba22bab9bbb11689efd2de255864"
  name = "golang.org/x/crypto"
  packages = ["ssh/terminal"]
  pruneopts = ""
  revision = "91a49db82a88618983a78a06c1cbd4e00ab749ab"

[[projects]]
  branch = "master"
  digest = "1:07a6b419f790dba389a58ba7ef5bb5e5281fe0b3046398b33767e3bd21c0b736"
  name = "golang.org/x/lint"
  packages = [
    ".",
    "golint",
  ]
  pruneopts = ""
  revision = "16217165b5de779cb6a5e4fc81fa9c1166fda457"

[[projects]]
  branch = "master"
  digest = "1:4a65e28058fde372f1febbf1bca01ee4aed7472569fd1bc81db9e91bf105f7c8"
  name = "golang.org/x/net"
  packages = [
    "context",
    "http2",
    "http2/hpack",
    "idna",
    "internal/timeseries",
    "lex/httplex",
    "trace",
  ]
  pruneopts = ""
  revision = "22ae77b79946ea320088417e4d50825671d82d57"

[[projects]]
  branch = "master"
  digest = "1:5da06c7366923db1cab57ee8f391f815b1245271f836421e65da4945b765b283"
  name = "golang.org/x/sys"
  packages = [
    "unix",
    "windows",
  ]
  pruneopts = ""
  revision = "d32e6e3b99c40f2bfaea45ea9596ed539eed1c0d"

[[projects]]
  digest = "1:5acd3512b047305d49e8763eef7ba423901e85d5dd2fd1e71778a0ea8de10bd4"
  name = "golang.org/x/text"
  packages = [
    "collate",
    "collate/build",
    "internal/colltab",
    "internal/gen",
    "internal/tag",
    "internal/triegen",
    "internal/ucd",
    "language",
    "secure/bidirule",
    "transform",
    "unicode/bidi",
    "unicode/cldr",
    "unicode/norm",
    "unicode/rangetable",
  ]
  pruneopts = ""
  revision = "f21a4dfb5e38f5895301dc265a8def02365cc3d0"
  version = "v0.3.0"

[[projects]]
  branch = "master"
  digest = "1:c22e93a039a8143bc67d24c32e2789e2d4ac877205eb26797d78ac063ba397fa"
  name = "golang.org/x/tools"
  packages = [
    "go/analysis",
    "go/analysis/passes/inspect",
    "go/ast/astutil",
    "go/ast/inspector",
    "go/buildutil",
    "go/gcexportdata",
    "go/internal/gcimporter",
    "go/internal/packagesdriver",
    "go/packages",
    "go/types/objectpath",
    "go/types/typeutil",
    "internal/fastwalk",
    "internal/gopathwalk",
    "internal/semver",
    "internal/span",
  ]
  pruneopts = ""
  revision = "a3f652f18032afc555e2a78e1e1c213be762260c"

[[projects]]
  branch = "master"
  digest = "1:02b227168a215a14f7f16af45ca649b7c1efc33919ce27a03996dfb54dcf556c"
  name = "google.golang.org/genproto"
  packages = ["googleapis/rpc/status"]
  pruneopts = ""
  revision = "2c5e7ac708aaa719366570dd82bda44541ca2a63"

[[projects]]
  digest = "1:ec89356e95f2a8983928a7872f71f0f934f97932353af4fe1a76d322db5eaf7b"
  name = "google.golang.org/grpc"
  packages = [
    ".",
    "backoff",
    "balancer",
    "balancer/base",
    "balancer/roundrobin",
    "binarylog/grpc_binarylog_v1",
    "codes",
    "connectivity",
    "credentials",
    "credentials/internal",
    "encoding",
    "encoding/proto",
    "grpclog",
    "internal",
    "internal/backoff",
    "internal/balancerload",
    "internal/binarylog",
    "internal/buffer",
    "internal/channelz",
    "internal/envconfig",
    "internal/grpcrand",
    "internal/grpcsync",
    "internal/resolver/dns",
    "internal/resolver/passthrough",
    "internal/syscall",
    "internal/transport",
    "keepalive",
    "metadata",
    "naming",
    "peer",
    "resolver",
    "resolver/dns",
    "resolver/passthrough",
    "serviceconfig",
    "stats",
    "status",
    "tap",
  ]
  pruneopts = ""
  revision = "1a3960e4bd028ac0cec0a2afd27d7d8e67c11514"
  version = "v1.25.1"

[[projects]]
  digest = "1:6e33aad38842c1b02b44ebd73ec2d0a81e30945a1db0d30fefbe7b884171bffd"
  name = "gopkg.in/errgo.v1"
  packages = ["."]
  pruneopts = ""
  revision = "08dc5b27f5ced65786776ec936b4298445ec70cf"
  version = "v1.0.1"

[[projects]]
  branch = "v2"
  digest = "1:c80894778314c7fb90d94a5ab925214900e1341afeddc953cda7398b8cdcd006"
  name = "gopkg.in/mgo.v2"
  packages = [
    ".",
    "bson",
    "internal/json",
    "internal/sasl",
    "internal/scram",
  ]
  pruneopts = ""
  revision = "3f83fa5005286a7fe593b055f0d7771a7dce4655"

[[projects]]
  digest = "1:16c45073e621eb4261d14740daeaf985e53657ebb40b14fc56499c23e876f84a"
  name = "gopkg.in/yaml.v2"
  packages = ["."]
  pruneopts = ""
  revision = "f90ceb4f409096b60e2e9076b38b304b8246e5fa"
  version = "v2.2.5"

[[projects]]
  digest = "1:afc5a2804ec9be0562c937b0c684bbaf5a9c4aef7511677b539c3806be3f4783"
  name = "honnef.co/go/tools"
  packages = [
    "arg",
    "cmd/staticcheck",
    "config",
    "deprecated",
    "facts",
    "functions",
    "go/types/typeutil",
    "internal/cache",
    "internal/passes/buildssa",
    "internal/renameio",
    "internal/sharedcheck",
    "lint",
    "lint/lintdsl",
    "lint/lintutil",
    "lint/lintutil/format",
    "loader",
    "printf",
    "simple",
    "ssa",
    "ssautil",
    "staticcheck",
    "staticcheck/vrp",
    "stylecheck",
    "unused",
    "version",
  ]
  pruneopts = ""
  revision = "afd67930eec2a9ed3e9b19f684d17a062285f16a"
  version = "2019.2.3"

[solve-meta]
  analyzer-name = "dep"
  analyzer-version = 1
  input-imports = [
    "github.com/Scalingo/go-etcd-cron",
    "github.com/Scalingo/logrus-rollbar",
    "github.com/aws/aws-sdk-go-v2/aws",
    "github.com/aws/aws-sdk-go-v2/aws/awserr",
    "github.com/aws/aws-sdk-go-v2/aws/defaults",
    "github.com/aws/aws-sdk-go-v2/aws/endpoints",
    "github.com/aws/aws-sdk-go-v2/service/s3",
    "github.com/aws/aws-sdk-go-v2/service/s3/s3manager",
    "github.com/coreos/etcd/pkg/transport",
    "github.com/facebookgo/grace/gracenet",
    "github.com/gofrs/uuid",
    "github.com/golang/mock/gomock",
    "github.com/guillermo/go.procmeminfo",
    "github.com/influxdata/influxdb/client/v2",
    "github.com/ncw/swift",
    "github.com/nsqio/go-nsq",
    "github.com/pkg/errors",
    "github.com/rollbar/rollbar-go",
    "github.com/sirupsen/logrus",
    "github.com/spf13/afero",
    "github.com/stretchr/testify/assert",
    "github.com/stretchr/testify/require",
    "github.com/stvp/rollbar",
    "github.com/urfave/cli",
    "go.etcd.io/etcd/clientv3",
    "golang.org/x/sys/unix",
    "gopkg.in/errgo.v1",
    "gopkg.in/mgo.v2",
    "gopkg.in/mgo.v2/bson",
  ]
  solver-name = "gps-cdcl"
  solver-version = 1
